
Microsoft Visual Studio Solution File, Format Version 12.00
# Visual Studio Version 17
VisualStudioVersion = 17.10.34804.81
MinimumVisualStudioVersion = 10.0.40219.1
Project("{FAE04EC0-301F-11D3-BF4B-00C04F79EFBC}") = "10f", "10f\10f.csproj", "{FF277D7B-0356-464B-9526-4DE3BF9EDC5F}"
EndProject
Global
	GlobalSection(SolutionConfigurationPlatforms) = preSolution
		Debug|Any CPU = Debug|Any CPU
		Release|Any CPU = Release|Any CPU
	EndGlobalSection
	GlobalSection(ProjectConfigurationPlatforms) = postSolution
		{FF277D7B-0356-464B-9526-4DE3BF9EDC5F}.Debug|Any CPU.ActiveCfg = Debug|Any CPU
		{FF277D7B-0356-464B-9526-4DE3BF9EDC5F}.Debug|Any CPU.Build.0 = Debug|Any CPU
		{FF277D7B-0356-464B-9526-4DE3BF9EDC5F}.Release|Any CPU.ActiveCfg = Release|Any CPU
		{FF277D7B-0356-464B-9526-4DE3BF9EDC5F}.Release|Any CPU.Build.0 = Release|Any CPU
	EndGlobalSection
	GlobalSection(SolutionProperties) = preSolution
		HideSolutionNode = FALSE
	EndGlobalSection
	GlobalSection(ExtensibilityGlobals) = postSolution
		SolutionGuid = {1664C6B3-7EFB-4379-912C-133E93832840}
	EndGlobalSection
EndGlobal
